
Microsoft Visual Studio Solution File, Format Version 12.00
# Visual Studio Version 17
VisualStudioVersion = 17.4.33213.308
MinimumVisualStudioVersion = 10.0.40219.1
Project("{FAE04EC0-301F-11D3-BF4B-00C04F79EFBC}") = "OOP_Dag_6_Webshop", "OOP_Dag_6_Webshop.csproj", "{8EF7FDBE-7BCD-4E0F-9821-3329058C4889}"
EndProject
Global
	GlobalSection(SolutionConfigurationPlatforms) = preSolution
		Debug|Any CPU = Debug|Any CPU
		Release|Any CPU = Release|Any CPU
	EndGlobalSection
	GlobalSection(ProjectConfigurationPlatforms) = postSolution
		{8EF7FDBE-7BCD-4E0F-9821-3329058C4889}.Debug|Any CPU.ActiveCfg = Debug|Any CPU
		{8EF7FDBE-7BCD-4E0F-9821-3329058C4889}.Debug|Any CPU.Build.0 = Debug|Any CPU
		{8EF7FDBE-7BCD-4E0F-9821-3329058C4889}.Release|Any CPU.ActiveCfg = Release|Any CPU
		{8EF7FDBE-7BCD-4E0F-9821-3329058C4889}.Release|Any CPU.Build.0 = Release|Any CPU
	EndGlobalSection
	GlobalSection(SolutionProperties) = preSolution
		HideSolutionNode = FALSE
	EndGlobalSection
	GlobalSection(ExtensibilityGlobals) = postSolution
		SolutionGuid = {FDC4421B-5E00-4D16-A7B3-7FF40207865C}
	EndGlobalSection
EndGlobal
